<Project xmlns="http://schemas.microsoft.com/developer/msbuild/2003">
    <PropertyGroup>
        <ProjectGuid>{54B8FDDF-27AD-43CA-AA1D-6C71D2DD04D9}</ProjectGuid>
        <ProjectVersion>16.1</ProjectVersion>
        <FrameworkType>VCL</FrameworkType>
        <MainSource>ProvaDelphiApp.dpr</MainSource>
        <Base>True</Base>
        <Config Condition="'$(Config)'==''">Debug</Config>
        <Platform Condition="'$(Platform)'==''">Win32</Platform>
        <TargetedPlatforms>1</TargetedPlatforms>
        <AppType>Application</AppType>
    </PropertyGroup>
    <PropertyGroup Condition="'$(Config)'=='Base' or '$(Base)'!=''">
        <Base>true</Base>
    </PropertyGroup>
    <PropertyGroup Condition="('$(Platform)'=='Win32' and '$(Base)'=='true') or '$(Base_Win32)'!=''">
        <Base_Win32>true</Base_Win32>
        <CfgParent>Base</CfgParent>
        <Base>true</Base>
    </PropertyGroup>
    <PropertyGroup Condition="('$(Platform)'=='Win64' and '$(Base)'=='true') or '$(Base_Win64)'!=''">
        <Base_Win64>true</Base_Win64>
        <CfgParent>Base</CfgParent>
        <Base>true</Base>
    </PropertyGroup>
    <PropertyGroup Condition="'$(Config)'=='Debug' or '$(Cfg_1)'!=''">
        <Cfg_1>true</Cfg_1>
        <CfgParent>Base</CfgParent>
        <Base>true</Base>
    </PropertyGroup>
    <PropertyGroup Condition="('$(Platform)'=='Win32' and '$(Cfg_1)'=='true') or '$(Cfg_1_Win32)'!=''">
        <Cfg_1_Win32>true</Cfg_1_Win32>
        <CfgParent>Cfg_1</CfgParent>
        <Cfg_1>true</Cfg_1>
        <Base>true</Base>
    </PropertyGroup>
    <PropertyGroup Condition="'$(Config)'=='Release' or '$(Cfg_2)'!=''">
        <Cfg_2>true</Cfg_2>
        <CfgParent>Base</CfgParent>
        <Base>true</Base>
    </PropertyGroup>
    <PropertyGroup Condition="'$(Base)'!=''">
        <DCC_UnitSearchPath>.\packages\lib\;$(DCC_UnitSearchPath)</DCC_UnitSearchPath>
        <VerInfo_Locale>1046</VerInfo_Locale>
        <VerInfo_Keys>CompanyName=;FileDescription=;FileVersion=1.0.0.0;InternalName=;LegalCopyright=;LegalTrademarks=;OriginalFilename=;ProductName=;ProductVersion=1.0.0.0;Comments=</VerInfo_Keys>
        <Manifest_File>$(BDS)\bin\default_app.manifest</Manifest_File>
        <DCC_Namespace>System;Xml;Data;Datasnap;Web;Soap;Vcl;Vcl.Imaging;Vcl.Touch;Vcl.Samples;Vcl.Shell;$(DCC_Namespace)</DCC_Namespace>
        <SanitizedProjectName>ProvaDelphiApp</SanitizedProjectName>
        <DCC_DcuOutput>.\$(Platform)\$(Config)</DCC_DcuOutput>
        <DCC_ExeOutput>.\$(Platform)\$(Config)</DCC_ExeOutput>
        <DCC_E>false</DCC_E>
        <DCC_N>false</DCC_N>
        <DCC_S>false</DCC_S>
        <DCC_F>false</DCC_F>
        <DCC_K>false</DCC_K>
    </PropertyGroup>
    <PropertyGroup Condition="'$(Base_Win32)'!=''">
        <DCC_Namespace>Winapi;System.Win;Data.Win;Datasnap.Win;Web.Win;Soap.Win;Xml.Win;Bde;$(DCC_Namespace)</DCC_Namespace>
        <VerInfo_IncludeVerInfo>true</VerInfo_IncludeVerInfo>
        <DCC_UsePackage>dxPScxSchedulerLnkRS21;CEF4Delphi;cxSchedulerRibbonStyleEventEditorRS21;TeeTree2D21Tee9;rbADO1621;cxSchedulerRS21;FireDACPgDriver;dxSkinOffice2007BlueRS21;cxTreeListdxBarPopupMenuRS21;dxSkinHighContrastRS21;cxPivotGridRS21;dxSkinSevenRS21;DBXInterBaseDriver;DataSnapServer;DataSnapCommon;dxGaugeControlRS21;cxEditorsRS21;SynEdit_R;DbxCommonDriver;vclimg;cxPivotGridOLAPRS21;dxPsPrVwAdvRS21;dbxcds;dxTileControlRS21;DatasnapConnectorsFreePascal;dxPSdxGaugeControlLnkRS21;dxSkinSilverRS21;dxSkinMoneyTwinsRS21;vcldb;cxTreeListRS21;dxdborRS21;dxBarExtItemsRS21;dxWizardControlRS21;dxSkinBlueprintRS21;CustomIPTransport;rbRTL1621;dsnap;IndyIPServer;dxSkinOffice2010BlackRS21;IndyCore;dxSkinsdxBarPainterRS21;TeeImage921;CloudService;dxSkinDevExpressStyleRS21;dxSkinValentineRS21;FireDACIBDriver;dxSkinCaramelRS21;dxPScxPCProdRS21;dxSkinOffice2013DarkGrayRS21;dxDockingRS21;dxLayoutControlRS21;dsnapxml;FireDACDb2Driver;dxSkinscxSchedulerPainterRS21;dxPSLnksRS21;dclRBFireDAC1621;PexEditor_XE7;dxPSdxDBOCLnkRS21;dclRBIBE1621;rbCIDE1621;dxSkinVS2010RS21;cxLibraryRS21;bindcompfmx;FMXTeeDB921;dxComnRS21;FireDACODBCDriver;RESTBackendComponents;cxDataRS21;dxSkinDarkSideRS21;rbDBE1621;dbrtl;dxSkinBlackRS21;FireDACCommon;bindcomp;inetdb;dxPScxTLLnkRS21;DbxDevartPostgreSQLDriver210;DBXOdbcDriver;vclFireDAC;xmlrtl;ibxpress;cxExportRS21;rbUSER1621;FireDACCommonDriver;dxSkinOffice2007PinkRS21;dxFlowChartRS21;bindengine;vclactnband;soaprtl;dclRBADO1621;rbTCUI1621;dclRBE1621;bindcompvcl;cxPageControlRS21;dxCoreRS21;TeePro921;vclie;dxSkinOffice2007BlackRS21;dxPSCoreRS21;dxPSdxDBTVLnkRS21;dxPScxCommonRS21;dxADOServerModeRS21;FireDACMSSQLDriver;DBXInformixDriver;dxSkinLilianRS21;dxSkinWhiteprintRS21;DataSnapServerMidas;dsnapcon;DBXFirebirdDriver;dclRBDBE1621;inet;dxRibbonRS21;dxNavBarRS21;dxSkinsdxNavBarPainterRS21;FireDACMySQLDriver;soapmidas;vclx;rbRest1621;FMXTee921;cxBarEditItemRS21;dxSkinsCoreRS21;DBXSybaseASADriver;dxSkinOffice2013WhiteRS21;rbRCL1621;dxFireDACServerModeRS21;RESTComponents;dxSkinSharpPlusRS21;dbexpress;rbDAD1621;TeeGL921;IndyIPClient;dxThemeRS21;dxSkinSevenClassicRS21;DelPrintDXE7;rbDIDE1621;office2K;FireDACSqliteDriver;dxSkinBlueRS21;FireDACDSDriver;dxDBXServerModeRS21;DBXSqliteDriver;dxSkinsdxDLPainterRS21;dxRichEditControlRS21;fmx;UnitFinder;cxVerticalGridRS21;IndySystem;dxSpreadSheetRS21;dxSkinMetropolisDarkRS21;tethering;dxSkinMetropolisRS21;frxe21;dxSkinGlassOceansRS21;vclib;dxSkinSummer2008RS21;DataSnapClient;dxPScxPivotGridLnkRS21;frx21;DataSnapProviderClient;dxPSPrVwRibbonRS21;DBXSybaseASEDriver;rbIDE1621;cxGridRS21;rbDB1621;Basicos_XE7;MetropolisUILiveTile;vcldsnap;dxSpellCheckerRS21;dxSkinOffice2010SilverRS21;dxSkinLondonLiquidSkyRS21;dxSkinMcSkinRS21;dxSkinOffice2007GreenRS21;fmxFireDAC;DBXDb2Driver;dxSkinFoggyRS21;DBXOracleDriver;rbRAP1621;TeeLanguage921;vclribbon;dxtrmdRS21;dxBarExtDBItemsRS21;vcl;dxGDIPlusRS21;DBXMSSQLDriver;IndyIPCommon;dxSkinOffice2007SilverRS21;paxcomp_xe7;DataSnapFireDAC;FireDACDBXDriver;dxPSdxSpreadSheetLnkRS21;dxSkinStardustRS21;soapserver;dxdbtrRS21;inetdbxpress;FireDACInfxDriver;dxPScxGridLnkRS21;dxPSdxFCLnkRS21;dxSkinCoffeeRS21;rbIBE1621;adortl;nrcommd21;TMSDiagram;rbBDE1621;FireDACASADriver;rbTC1621;dxTabbedMDIRS21;emsclientfiredac;rbFireDAC1621;rtl;dxPSdxOCLnkRS21;DbxClientDriver;dxorgcRS21;dxPScxExtCommonRS21;TeeDB921;dxSkinDarkRoomRS21;dxPSdxLCLnkRS21;frxDB21;dxMapControlRS21;ObjectInspector_XE5;DataSnapNativeClient;svnui;PexEditorRuntime_XE7;rbRIDE1621;IndyProtocols;DBXMySQLDriver;FmxTeeUI921;cxPivotGridChartRS21;dxSkinSpringTimeRS21;dxSkinOffice2013LightGrayRS21;dxSkinPumpkinRS21;bindcompdbx;cxSchedulerTreeBrowserRS21;dxmdsRS21;TeeUI921;dxSkinDevExpressDarkStyleRS21;dxSkinSharpRS21;FireDACADSDriver;vcltouch;dxSkinscxPCPainterRS21;dxServerModeRS21;emsclient;dxSkinsdxRibbonPainterRS21;VCLRESTComponents;FireDAC;VclSmp;dxBarDBNavRS21;dxSkinXmas2008BlueRS21;dxSkinTheAsphaltWorldRS21;DataSnapConnectors;dxSkinLiquidSkyRS21;rbUSERDesign1621;cxSchedulerGridRS21;FMXTeePro921;FMXTeeLanguage921;Tee921;dxPScxVGridLnkRS21;svn;dxBarRS21;FireDACOracleDriver;dxSkinOffice2010BlueRS21;FireDACMSAccDriver;DataSnapIndy10ServerTransport;dxSkiniMaginaryRS21;$(DCC_UsePackage)</DCC_UsePackage>
        <VerInfo_Keys>CompanyName=;FileDescription=;FileVersion=1.0.0.0;InternalName=;LegalCopyright=;LegalTrademarks=;OriginalFilename=;ProductName=;ProductVersion=1.0.0.0;Comments=</VerInfo_Keys>
        <VerInfo_Locale>1033</VerInfo_Locale>
        <Manifest_File>$(BDS)\bin\default_app.manifest</Manifest_File>
    </PropertyGroup>
    <PropertyGroup Condition="'$(Base_Win64)'!=''">
        <DCC_UsePackage>CEF4Delphi;FireDACPgDriver;dxSkinOffice2007BlueRS21;dxSkinHighContrastRS21;dxSkinSevenRS21;DBXInterBaseDriver;DataSnapServer;DataSnapCommon;DbxCommonDriver;vclimg;dbxcds;DatasnapConnectorsFreePascal;dxPSdxGaugeControlLnkRS21;dxSkinSilverRS21;dxSkinMoneyTwinsRS21;vcldb;dxSkinBlueprintRS21;CustomIPTransport;dsnap;IndyIPServer;dxSkinOffice2010BlackRS21;IndyCore;dxSkinsdxBarPainterRS21;CloudService;dxSkinDevExpressStyleRS21;dxSkinValentineRS21;FireDACIBDriver;dxSkinCaramelRS21;dxSkinOffice2013DarkGrayRS21;dsnapxml;FireDACDb2Driver;dxSkinscxSchedulerPainterRS21;PexEditor_XE7;dxSkinVS2010RS21;bindcompfmx;FireDACODBCDriver;RESTBackendComponents;dxSkinDarkSideRS21;dbrtl;dxSkinBlackRS21;FireDACCommon;bindcomp;inetdb;DBXOdbcDriver;vclFireDAC;xmlrtl;ibxpress;FireDACCommonDriver;dxSkinOffice2007PinkRS21;bindengine;vclactnband;soaprtl;bindcompvcl;vclie;dxSkinOffice2007BlackRS21;FireDACMSSQLDriver;DBXInformixDriver;dxSkinLilianRS21;dxSkinWhiteprintRS21;DataSnapServerMidas;dsnapcon;DBXFirebirdDriver;inet;dxSkinsdxNavBarPainterRS21;FireDACMySQLDriver;soapmidas;vclx;dxSkinsCoreRS21;DBXSybaseASADriver;dxSkinOffice2013WhiteRS21;RESTComponents;dxSkinSharpPlusRS21;dbexpress;IndyIPClient;dxSkinSevenClassicRS21;office2K;FireDACSqliteDriver;dxSkinBlueRS21;FireDACDSDriver;DBXSqliteDriver;dxSkinsdxDLPainterRS21;fmx;IndySystem;dxSkinMetropolisDarkRS21;tethering;dxSkinMetropolisRS21;dxSkinGlassOceansRS21;vclib;dxSkinSummer2008RS21;DataSnapClient;DataSnapProviderClient;DBXSybaseASEDriver;Basicos_XE7;MetropolisUILiveTile;vcldsnap;dxSkinOffice2010SilverRS21;dxSkinLondonLiquidSkyRS21;dxSkinMcSkinRS21;dxSkinOffice2007GreenRS21;fmxFireDAC;DBXDb2Driver;dxSkinFoggyRS21;DBXOracleDriver;vclribbon;vcl;DBXMSSQLDriver;IndyIPCommon;dxSkinOffice2007SilverRS21;DataSnapFireDAC;FireDACDBXDriver;dxSkinStardustRS21;soapserver;inetdbxpress;FireDACInfxDriver;dxSkinCoffeeRS21;adortl;nrcommd21;TMSDiagram;FireDACASADriver;emsclientfiredac;rtl;DbxClientDriver;dxSkinDarkRoomRS21;ObjectInspector_XE5;DataSnapNativeClient;PexEditorRuntime_XE7;IndyProtocols;DBXMySQLDriver;dxSkinSpringTimeRS21;dxSkinOffice2013LightGrayRS21;dxSkinPumpkinRS21;bindcompdbx;dxSkinDevExpressDarkStyleRS21;dxSkinSharpRS21;FireDACADSDriver;vcltouch;dxSkinscxPCPainterRS21;emsclient;dxSkinsdxRibbonPainterRS21;VCLRESTComponents;FireDAC;VclSmp;dxSkinXmas2008BlueRS21;dxSkinTheAsphaltWorldRS21;DataSnapConnectors;dxSkinLiquidSkyRS21;FireDACOracleDriver;dxSkinOffice2010BlueRS21;FireDACMSAccDriver;DataSnapIndy10ServerTransport;dxSkiniMaginaryRS21;$(DCC_UsePackage)</DCC_UsePackage>
    </PropertyGroup>
    <PropertyGroup Condition="'$(Cfg_1)'!=''">
        <DCC_Define>DEBUG;$(DCC_Define)</DCC_Define>
        <DCC_DebugDCUs>true</DCC_DebugDCUs>
        <DCC_Optimize>false</DCC_Optimize>
        <DCC_GenerateStackFrames>true</DCC_GenerateStackFrames>
        <DCC_DebugInfoInExe>true</DCC_DebugInfoInExe>
        <DCC_RemoteDebug>true</DCC_RemoteDebug>
    </PropertyGroup>
    <PropertyGroup Condition="'$(Cfg_1_Win32)'!=''">
        <DCC_MapFile>3</DCC_MapFile>
        <VerInfo_IncludeVerInfo>true</VerInfo_IncludeVerInfo>
        <VerInfo_Locale>1033</VerInfo_Locale>
        <DCC_RemoteDebug>false</DCC_RemoteDebug>
    </PropertyGroup>
    <PropertyGroup Condition="'$(Cfg_2)'!=''">
        <DCC_LocalDebugSymbols>false</DCC_LocalDebugSymbols>
        <DCC_Define>RELEASE;$(DCC_Define)</DCC_Define>
        <DCC_SymbolReferenceInfo>0</DCC_SymbolReferenceInfo>
        <DCC_DebugInformation>0</DCC_DebugInformation>
    </PropertyGroup>
    <ItemGroup>
        <DelphiCompile Include="$(MainSource)">
            <MainSource>MainSource</MainSource>
        </DelphiCompile>
        <DCCReference Include="ufPrincipal.pas">
            <Form>fPrincipal</Form>
        </DCCReference>
        <DCCReference Include="ufTarefa1.pas">
            <Form>fTarefa1</Form>
        </DCCReference>
        <DCCReference Include="ufTarefa2.pas">
            <Form>fTarefa2</Form>
        </DCCReference>
        <DCCReference Include="interfaces\observer.pas"/>
        <DCCReference Include="interfaces\subject.pas"/>
        <DCCReference Include="classes\ThreadProgresso.pas"/>
        <DCCReference Include="ufTarefa3.pas">
            <Form>fTarefa3</Form>
            <FormType>dfm</FormType>
        </DCCReference>
        <DCCReference Include="interfaces\query.pas"/>
        <DCCReference Include="classes\QueryClass.pas">
            <Form>$R *.res</Form>
        </DCCReference>
        <DCCReference Include="interfaces\dataset.pas"/>
        <DCCReference Include="classes\DatasetClass.pas"/>
        <BuildConfiguration Include="Release">
            <Key>Cfg_2</Key>
            <CfgParent>Base</CfgParent>
        </BuildConfiguration>
        <BuildConfiguration Include="Base">
            <Key>Base</Key>
        </BuildConfiguration>
        <BuildConfiguration Include="Debug">
            <Key>Cfg_1</Key>
            <CfgParent>Base</CfgParent>
        </BuildConfiguration>
    </ItemGroup>
    <ProjectExtensions>
        <Borland.Personality>Delphi.Personality.12</Borland.Personality>
        <Borland.ProjectType>Application</Borland.ProjectType>
        <BorlandProject>
            <Delphi.Personality>
                <Source>
                    <Source Name="MainSource">ProvaDelphiApp.dpr</Source>
                </Source>
                <Excluded_Packages>
                    <Excluded_Packages Name="$(BDSBIN)\dclfmxstd210.bpl">Embarcadero FMX Standard Components</Excluded_Packages>
                    <Excluded_Packages Name="$(BDSBIN)\dclbindcompfmx210.bpl">Embarcadero LiveBindings Components FireMonkey</Excluded_Packages>
                    <Excluded_Packages Name="C:\Program Files (x86)\madCollection\madBasic\BDS15\win32\madBasic_.bpl">File C:\Program Files (x86)\madCollection\madBasic\BDS15\win32\madBasic_.bpl not found</Excluded_Packages>
                    <Excluded_Packages Name="C:\Program Files (x86)\madCollection\madDisAsm\BDS15\win32\madDisAsm_.bpl">File C:\Program Files (x86)\madCollection\madDisAsm\BDS15\win32\madDisAsm_.bpl not found</Excluded_Packages>
                    <Excluded_Packages Name="C:\Program Files (x86)\madCollection\madExcept\BDS15\win32\madExcept_.bpl">File C:\Program Files (x86)\madCollection\madExcept\BDS15\win32\madExcept_.bpl not found</Excluded_Packages>
                    <Excluded_Packages Name="C:\Program Files (x86)\Raize\CS5\Bin\CodeSiteLoggingPkg_Design210.bpl">File C:\Program Files (x86)\Raize\CS5\Bin\CodeSiteLoggingPkg_Design210.bpl not found</Excluded_Packages>
                    <Excluded_Packages Name="C:\Program Files (x86)\Raize\CS5\Bin\CodeSiteDBToolsPkg_Design210.bpl">File C:\Program Files (x86)\Raize\CS5\Bin\CodeSiteDBToolsPkg_Design210.bpl not found</Excluded_Packages>
                    <Excluded_Packages Name="C:\Program Files (x86)\madCollection\madBasic\BDS15\win32\madHelp_.bpl">File C:\Program Files (x86)\madCollection\madBasic\BDS15\win32\madHelp_.bpl not found</Excluded_Packages>
                    <Excluded_Packages Name="C:\Program Files (x86)\madCollection\madExcept\BDS15\win32\madExceptIde_.bpl">File C:\Program Files (x86)\madCollection\madExcept\BDS15\win32\madExceptIde_.bpl not found</Excluded_Packages>
                    <Excluded_Packages Name="C:\Program Files (x86)\madCollection\madExcept\BDS15\win32\madExceptVcl_.bpl">File C:\Program Files (x86)\madCollection\madExcept\BDS15\win32\madExceptVcl_.bpl not found</Excluded_Packages>
                    <Excluded_Packages Name="C:\Program Files (x86)\madCollection\madExcept\BDS15\win32\madExceptWizard_.bpl">File C:\Program Files (x86)\madCollection\madExcept\BDS15\win32\madExceptWizard_.bpl not found</Excluded_Packages>
                    <Excluded_Packages Name="$(BDSBIN)\dclIntraweb_140_210.bpl">File c:\program files (x86)\embarcadero\studio\15.0\bin\dclIntraweb_140_210.bpl not found</Excluded_Packages>
                    <Excluded_Packages Name="C:\Ema\Fontes\LIB\BPL\SGC Web Socket\dclsgcWebSocketsDXE7.bpl">SGC WebSockets</Excluded_Packages>
                    <Excluded_Packages Name="C:\Users\Public\Documents\Embarcadero\Studio\15.0\Bpl\dclTP_LockBox3_XE7.bpl">File C:\Users\Public\Documents\Embarcadero\Studio\15.0\Bpl\dclTP_LockBox3_XE7.bpl not found</Excluded_Packages>
                    <Excluded_Packages Name="$(BDSBIN)\dclofficexp210.bpl">Microsoft Office XP Sample Automation Server Wrapper Components</Excluded_Packages>
                    <Excluded_Packages Name="C:\Program Files (x86)\FastReports\LibD21\dclfrxtee21.bpl">(untitled)</Excluded_Packages>
                </Excluded_Packages>
            </Delphi.Personality>
            <Deployment>
                <DeployFile LocalName="Win32\Debug\ProvaDelphiApp.exe" Configuration="Debug" Class="ProjectOutput">
                    <Platform Name="Win32">
                        <RemoteName>ProvaDelphiApp.exe</RemoteName>
                        <Overwrite>true</Overwrite>
                    </Platform>
                </DeployFile>
                <DeployClass Required="true" Name="DependencyPackage">
                    <Platform Name="iOSDevice">
                        <Operation>1</Operation>
                        <Extensions>.dylib</Extensions>
                    </Platform>
                    <Platform Name="Win32">
                        <Operation>0</Operation>
                        <Extensions>.bpl</Extensions>
                    </Platform>
                    <Platform Name="OSX32">
                        <RemoteDir>Contents\MacOS</RemoteDir>
                        <Operation>1</Operation>
                        <Extensions>.dylib</Extensions>
                    </Platform>
                    <Platform Name="iOSSimulator">
                        <Operation>1</Operation>
                        <Extensions>.dylib</Extensions>
                    </Platform>
                </DeployClass>
                <DeployClass Name="DependencyModule">
                    <Platform Name="iOSDevice">
                        <Operation>1</Operation>
                        <Extensions>.dylib</Extensions>
                    </Platform>
                    <Platform Name="Win32">
                        <Operation>0</Operation>
                        <Extensions>.dll;.bpl</Extensions>
                    </Platform>
                    <Platform Name="OSX32">
                        <RemoteDir>Contents\MacOS</RemoteDir>
                        <Operation>1</Operation>
                        <Extensions>.dylib</Extensions>
                    </Platform>
                    <Platform Name="iOSSimulator">
                        <Operation>1</Operation>
                        <Extensions>.dylib</Extensions>
                    </Platform>
                </DeployClass>
                <DeployClass Name="iPad_Launch2048">
                    <Platform Name="iOSDevice">
                        <Operation>1</Operation>
                    </Platform>
                    <Platform Name="iOSSimulator">
                        <Operation>1</Operation>
                    </Platform>
                </DeployClass>
                <DeployClass Name="ProjectOSXInfoPList">
                    <Platform Name="OSX32">
                        <RemoteDir>Contents</RemoteDir>
                        <Operation>1</Operation>
                    </Platform>
                </DeployClass>
                <DeployClass Name="ProjectiOSDeviceDebug">
                    <Platform Name="iOSDevice">
                        <RemoteDir>..\$(PROJECTNAME).app.dSYM\Contents\Resources\DWARF</RemoteDir>
                        <Operation>1</Operation>
                    </Platform>
                </DeployClass>
                <DeployClass Name="Android_SplashImage470">
                    <Platform Name="Android">
                        <RemoteDir>res\drawable-normal</RemoteDir>
                        <Operation>1</Operation>
                    </Platform>
                </DeployClass>
                <DeployClass Name="AndroidLibnativeX86File">
                    <Platform Name="Android">
                        <RemoteDir>library\lib\x86</RemoteDir>
                        <Operation>1</Operation>
                    </Platform>
                </DeployClass>
                <DeployClass Name="ProjectiOSResource">
                    <Platform Name="iOSDevice">
                        <Operation>1</Operation>
                    </Platform>
                    <Platform Name="iOSSimulator">
                        <Operation>1</Operation>
                    </Platform>
                </DeployClass>
                <DeployClass Name="ProjectOSXEntitlements">
                    <Platform Name="OSX32">
                        <RemoteDir>../</RemoteDir>
                        <Operation>1</Operation>
                    </Platform>
                </DeployClass>
                <DeployClass Name="AndroidGDBServer">
                    <Platform Name="Android">
                        <RemoteDir>library\lib\armeabi-v7a</RemoteDir>
                        <Operation>1</Operation>
                    </Platform>
                </DeployClass>
                <DeployClass Name="iPhone_Launch640">
                    <Platform Name="iOSDevice">
                        <Operation>1</Operation>
                    </Platform>
                    <Platform Name="iOSSimulator">
                        <Operation>1</Operation>
                    </Platform>
                </DeployClass>
                <DeployClass Name="Android_SplashImage960">
                    <Platform Name="Android">
                        <RemoteDir>res\drawable-xlarge</RemoteDir>
                        <Operation>1</Operation>
                    </Platform>
                </DeployClass>
                <DeployClass Name="Android_LauncherIcon96">
                    <Platform Name="Android">
                        <RemoteDir>res\drawable-xhdpi</RemoteDir>
                        <Operation>1</Operation>
                    </Platform>
                </DeployClass>
                <DeployClass Name="iPhone_Launch320">
                    <Platform Name="iOSDevice">
                        <Operation>1</Operation>
                    </Platform>
                    <Platform Name="iOSSimulator">
                        <Operation>1</Operation>
                    </Platform>
                </DeployClass>
                <DeployClass Name="Android_LauncherIcon144">
                    <Platform Name="Android">
                        <RemoteDir>res\drawable-xxhdpi</RemoteDir>
                        <Operation>1</Operation>
                    </Platform>
                </DeployClass>
                <DeployClass Name="AndroidLibnativeMipsFile">
                    <Platform Name="Android">
                        <RemoteDir>library\lib\mips</RemoteDir>
                        <Operation>1</Operation>
                    </Platform>
                </DeployClass>
                <DeployClass Name="AndroidSplashImageDef">
                    <Platform Name="Android">
                        <RemoteDir>res\drawable</RemoteDir>
                        <Operation>1</Operation>
                    </Platform>
                </DeployClass>
                <DeployClass Name="DebugSymbols">
                    <Platform Name="OSX32">
                        <RemoteDir>Contents\MacOS</RemoteDir>
                        <Operation>1</Operation>
                    </Platform>
                    <Platform Name="iOSSimulator">
                        <Operation>1</Operation>
                    </Platform>
                    <Platform Name="Win32">
                        <Operation>0</Operation>
                    </Platform>
                </DeployClass>
                <DeployClass Name="DependencyFramework">
                    <Platform Name="OSX32">
                        <RemoteDir>Contents\MacOS</RemoteDir>
                        <Operation>1</Operation>
                        <Extensions>.framework</Extensions>
                    </Platform>
                    <Platform Name="Win32">
                        <Operation>0</Operation>
                    </Platform>
                </DeployClass>
                <DeployClass Name="Android_SplashImage426">
                    <Platform Name="Android">
                        <RemoteDir>res\drawable-small</RemoteDir>
                        <Operation>1</Operation>
                    </Platform>
                </DeployClass>
                <DeployClass Name="ProjectiOSEntitlements">
                    <Platform Name="iOSDevice">
                        <RemoteDir>../</RemoteDir>
                        <Operation>1</Operation>
                    </Platform>
                </DeployClass>
                <DeployClass Name="AdditionalDebugSymbols">
                    <Platform Name="OSX32">
                        <RemoteDir>Contents\MacOS</RemoteDir>
                        <Operation>1</Operation>
                    </Platform>
                    <Platform Name="iOSSimulator">
                        <Operation>1</Operation>
                    </Platform>
                    <Platform Name="Win32">
                        <RemoteDir>Contents\MacOS</RemoteDir>
                        <Operation>0</Operation>
                    </Platform>
                </DeployClass>
                <DeployClass Name="AndroidClassesDexFile">
                    <Platform Name="Android">
                        <RemoteDir>classes</RemoteDir>
                        <Operation>1</Operation>
                    </Platform>
                </DeployClass>
                <DeployClass Name="ProjectiOSInfoPList">
                    <Platform Name="iOSDevice">
                        <Operation>1</Operation>
                    </Platform>
                    <Platform Name="iOSSimulator">
                        <Operation>1</Operation>
                    </Platform>
                </DeployClass>
                <DeployClass Name="iPad_Launch1024">
                    <Platform Name="iOSDevice">
                        <Operation>1</Operation>
                    </Platform>
                    <Platform Name="iOSSimulator">
                        <Operation>1</Operation>
                    </Platform>
                </DeployClass>
                <DeployClass Name="Android_DefaultAppIcon">
                    <Platform Name="Android">
                        <RemoteDir>res\drawable</RemoteDir>
                        <Operation>1</Operation>
                    </Platform>
                </DeployClass>
                <DeployClass Name="ProjectOSXResource">
                    <Platform Name="OSX32">
                        <RemoteDir>Contents\Resources</RemoteDir>
                        <Operation>1</Operation>
                    </Platform>
                </DeployClass>
                <DeployClass Name="ProjectiOSDeviceResourceRules">
                    <Platform Name="iOSDevice">
                        <Operation>1</Operation>
                    </Platform>
                </DeployClass>
                <DeployClass Name="iPad_Launch768">
                    <Platform Name="iOSDevice">
                        <Operation>1</Operation>
                    </Platform>
                    <Platform Name="iOSSimulator">
                        <Operation>1</Operation>
                    </Platform>
                </DeployClass>
                <DeployClass Required="true" Name="ProjectOutput">
                    <Platform Name="iOSDevice">
                        <Operation>1</Operation>
                    </Platform>
                    <Platform Name="Android">
                        <RemoteDir>library\lib\armeabi-v7a</RemoteDir>
                        <Operation>1</Operation>
                    </Platform>
                    <Platform Name="Win32">
                        <Operation>0</Operation>
                    </Platform>
                    <Platform Name="OSX32">
                        <RemoteDir>Contents\MacOS</RemoteDir>
                        <Operation>1</Operation>
                    </Platform>
                    <Platform Name="iOSSimulator">
                        <Operation>1</Operation>
                    </Platform>
                </DeployClass>
                <DeployClass Name="AndroidLibnativeArmeabiFile">
                    <Platform Name="Android">
                        <RemoteDir>library\lib\armeabi</RemoteDir>
                        <Operation>1</Operation>
                    </Platform>
                </DeployClass>
                <DeployClass Name="Android_SplashImage640">
                    <Platform Name="Android">
                        <RemoteDir>res\drawable-large</RemoteDir>
                        <Operation>1</Operation>
                    </Platform>
                </DeployClass>
                <DeployClass Name="File">
                    <Platform Name="iOSDevice">
                        <Operation>0</Operation>
                    </Platform>
                    <Platform Name="Android">
                        <Operation>0</Operation>
                    </Platform>
                    <Platform Name="Win32">
                        <Operation>0</Operation>
                    </Platform>
                    <Platform Name="OSX32">
                        <RemoteDir>Contents\MacOS</RemoteDir>
                        <Operation>0</Operation>
                    </Platform>
                    <Platform Name="iOSSimulator">
                        <Operation>0</Operation>
                    </Platform>
                </DeployClass>
                <DeployClass Name="iPhone_Launch640x1136">
                    <Platform Name="iOSDevice">
                        <Operation>1</Operation>
                    </Platform>
                    <Platform Name="iOSSimulator">
                        <Operation>1</Operation>
                    </Platform>
                </DeployClass>
                <DeployClass Name="Android_LauncherIcon36">
                    <Platform Name="Android">
                        <RemoteDir>res\drawable-ldpi</RemoteDir>
                        <Operation>1</Operation>
                    </Platform>
                </DeployClass>
                <DeployClass Name="AndroidSplashStyles">
                    <Platform Name="Android">
                        <RemoteDir>res\values</RemoteDir>
                        <Operation>1</Operation>
                    </Platform>
                </DeployClass>
                <DeployClass Name="iPad_Launch1536">
                    <Platform Name="iOSDevice">
                        <Operation>1</Operation>
                    </Platform>
                    <Platform Name="iOSSimulator">
                        <Operation>1</Operation>
                    </Platform>
                </DeployClass>
                <DeployClass Name="Android_LauncherIcon48">
                    <Platform Name="Android">
                        <RemoteDir>res\drawable-mdpi</RemoteDir>
                        <Operation>1</Operation>
                    </Platform>
                </DeployClass>
                <DeployClass Name="Android_LauncherIcon72">
                    <Platform Name="Android">
                        <RemoteDir>res\drawable-hdpi</RemoteDir>
                        <Operation>1</Operation>
                    </Platform>
                </DeployClass>
                <DeployClass Name="ProjectAndroidManifest">
                    <Platform Name="Android">
                        <Operation>1</Operation>
                    </Platform>
                </DeployClass>
                <ProjectRoot Platform="Android" Name="$(PROJECTNAME)"/>
                <ProjectRoot Platform="iOSDevice" Name="$(PROJECTNAME).app"/>
                <ProjectRoot Platform="Win32" Name="$(PROJECTNAME)"/>
                <ProjectRoot Platform="OSX32" Name="$(PROJECTNAME).app"/>
                <ProjectRoot Platform="iOSSimulator" Name="$(PROJECTNAME).app"/>
                <ProjectRoot Platform="Win64" Name="$(PROJECTNAME)"/>
            </Deployment>
            <Platforms>
                <Platform value="Win32">True</Platform>
                <Platform value="Win64">False</Platform>
            </Platforms>
            <UnitTesting>
                <TestProjectName>C:\Users\william.medeiros\Documents\ProvaDelphiApp\Test\tests.dproj</TestProjectName>
            </UnitTesting>
        </BorlandProject>
        <ProjectFileVersion>12</ProjectFileVersion>
    </ProjectExtensions>
    <Import Project="$(BDS)\Bin\CodeGear.Delphi.Targets" Condition="Exists('$(BDS)\Bin\CodeGear.Delphi.Targets')"/>
    <Import Project="$(APPDATA)\Embarcadero\$(BDSAPPDATABASEDIR)\$(PRODUCTVERSION)\UserTools.proj" Condition="Exists('$(APPDATA)\Embarcadero\$(BDSAPPDATABASEDIR)\$(PRODUCTVERSION)\UserTools.proj')"/>
    <Import Project="$(MSBuildProjectName).deployproj" Condition="Exists('$(MSBuildProjectName).deployproj')"/>
</Project>
